
Microsoft Visual Studio Solution File, Format Version 12.00
# Visual Studio Version 16
VisualStudioVersion = 16.0.29326.143
MinimumVisualStudioVersion = 10.0.40219.1
Project("{8BC9CEB8-8B4A-11D0-8D11-00A0C91BC942}") = "Problema Reginelor - Forward Checking", "Problema Reginelor - Forward Checking\Problema Reginelor - Forward Checking.vcxproj", "{92F3A0D0-26D9-4D82-86CE-2BEFE6795E0A}"
EndProject
Global
	GlobalSection(SolutionConfigurationPlatforms) = preSolution
		Debug|x64 = Debug|x64
		Debug|x86 = Debug|x86
		Release|x64 = Release|x64
		Release|x86 = Release|x86
	EndGlobalSection
	GlobalSection(ProjectConfigurationPlatforms) = postSolution
		{92F3A0D0-26D9-4D82-86CE-2BEFE6795E0A}.Debug|x64.ActiveCfg = Debug|x64
		{92F3A0D0-26D9-4D82-86CE-2BEFE6795E0A}.Debug|x64.Build.0 = Debug|x64
		{92F3A0D0-26D9-4D82-86CE-2BEFE6795E0A}.Debug|x86.ActiveCfg = Debug|Win32
		{92F3A0D0-26D9-4D82-86CE-2BEFE6795E0A}.Debug|x86.Build.0 = Debug|Win32
		{92F3A0D0-26D9-4D82-86CE-2BEFE6795E0A}.Release|x64.ActiveCfg = Release|x64
		{92F3A0D0-26D9-4D82-86CE-2BEFE6795E0A}.Release|x64.Build.0 = Release|x64
		{92F3A0D0-26D9-4D82-86CE-2BEFE6795E0A}.Release|x86.ActiveCfg = Release|Win32
		{92F3A0D0-26D9-4D82-86CE-2BEFE6795E0A}.Release|x86.Build.0 = Release|Win32
	EndGlobalSection
	GlobalSection(SolutionProperties) = preSolution
		HideSolutionNode = FALSE
	EndGlobalSection
	GlobalSection(ExtensibilityGlobals) = postSolution
		SolutionGuid = {56387FE6-C785-457A-9514-96A8813035DE}
	EndGlobalSection
EndGlobal
